
Microsoft Visual Studio Solution File, Format Version 12.00
# Visual Studio 14
VisualStudioVersion = 14.0.23107.0
MinimumVisualStudioVersion = 10.0.40219.1
Project("{2150E333-8FDC-42A3-9474-1A3956D46DE8}") = "AWDemo", "AWDemo", "{651575E0-E794-43BE-87A7-40DD698FA839}"
EndProject
Project("{D954291E-2A0B-460D-934E-DC6B0785DB48}") = "AWDemo.Shared", "AWDemo\AWDemo.Shared\AWDemo.Shared.shproj", "{EA00194D-4EDF-41F4-93E6-43CB1B6A8B09}"
EndProject
Project("{262852C6-CD72-467D-83FE-5EEB1973A190}") = "AWDemo.Windows", "AWDemo\AWDemo.Windows\AWDemo.Windows.jsproj", "{71E20585-4514-470D-B57A-01A7194EDA14}"
EndProject
Project("{262852C6-CD72-467D-83FE-5EEB1973A190}") = "AWDemo.WindowsPhone", "AWDemo\AWDemo.WindowsPhone\AWDemo.WindowsPhone.jsproj", "{D694F197-2D88-4864-A914-69C6A2F9889B}"
EndProject
Project("{FAE04EC0-301F-11D3-BF4B-00C04F79EFBC}") = "AWDemo.Web.API", "AWDemo.Web.API\AWDemo.Web.API.csproj", "{2C1D145E-AD81-4A60-834A-9B0976183926}"
EndProject
Global
	GlobalSection(SharedMSBuildProjectFiles) = preSolution
		AWDemo\AWDemo.Shared\AWDemo.Shared.projitems*{d694f197-2d88-4864-a914-69c6a2f9889b}*SharedItemsImports = 5
		AWDemo\AWDemo.Shared\AWDemo.Shared.projitems*{ea00194d-4edf-41f4-93e6-43cb1b6a8b09}*SharedItemsImports = 13
		AWDemo\AWDemo.Shared\AWDemo.Shared.projitems*{71e20585-4514-470d-b57a-01a7194eda14}*SharedItemsImports = 5
	EndGlobalSection
	GlobalSection(SolutionConfigurationPlatforms) = preSolution
		Debug|Any CPU = Debug|Any CPU
		Debug|ARM = Debug|ARM
		Debug|x64 = Debug|x64
		Debug|x86 = Debug|x86
		Release|Any CPU = Release|Any CPU
		Release|ARM = Release|ARM
		Release|x64 = Release|x64
		Release|x86 = Release|x86
	EndGlobalSection
	GlobalSection(ProjectConfigurationPlatforms) = postSolution
		{71E20585-4514-470D-B57A-01A7194EDA14}.Debug|Any CPU.ActiveCfg = Debug|Any CPU
		{71E20585-4514-470D-B57A-01A7194EDA14}.Debug|Any CPU.Build.0 = Debug|Any CPU
		{71E20585-4514-470D-B57A-01A7194EDA14}.Debug|Any CPU.Deploy.0 = Debug|Any CPU
		{71E20585-4514-470D-B57A-01A7194EDA14}.Debug|ARM.ActiveCfg = Debug|ARM
		{71E20585-4514-470D-B57A-01A7194EDA14}.Debug|ARM.Build.0 = Debug|ARM
		{71E20585-4514-470D-B57A-01A7194EDA14}.Debug|ARM.Deploy.0 = Debug|ARM
		{71E20585-4514-470D-B57A-01A7194EDA14}.Debug|x64.ActiveCfg = Debug|x64
		{71E20585-4514-470D-B57A-01A7194EDA14}.Debug|x64.Build.0 = Debug|x64
		{71E20585-4514-470D-B57A-01A7194EDA14}.Debug|x64.Deploy.0 = Debug|x64
		{71E20585-4514-470D-B57A-01A7194EDA14}.Debug|x86.ActiveCfg = Debug|x86
		{71E20585-4514-470D-B57A-01A7194EDA14}.Debug|x86.Build.0 = Debug|x86
		{71E20585-4514-470D-B57A-01A7194EDA14}.Debug|x86.Deploy.0 = Debug|x86
		{71E20585-4514-470D-B57A-01A7194EDA14}.Release|Any CPU.ActiveCfg = Release|Any CPU
		{71E20585-4514-470D-B57A-01A7194EDA14}.Release|Any CPU.Build.0 = Release|Any CPU
		{71E20585-4514-470D-B57A-01A7194EDA14}.Release|Any CPU.Deploy.0 = Release|Any CPU
		{71E20585-4514-470D-B57A-01A7194EDA14}.Release|ARM.ActiveCfg = Release|ARM
		{71E20585-4514-470D-B57A-01A7194EDA14}.Release|ARM.Build.0 = Release|ARM
		{71E20585-4514-470D-B57A-01A7194EDA14}.Release|ARM.Deploy.0 = Release|ARM
		{71E20585-4514-470D-B57A-01A7194EDA14}.Release|x64.ActiveCfg = Release|x64
		{71E20585-4514-470D-B57A-01A7194EDA14}.Release|x64.Build.0 = Release|x64
		{71E20585-4514-470D-B57A-01A7194EDA14}.Release|x64.Deploy.0 = Release|x64
		{71E20585-4514-470D-B57A-01A7194EDA14}.Release|x86.ActiveCfg = Release|x86
		{71E20585-4514-470D-B57A-01A7194EDA14}.Release|x86.Build.0 = Release|x86
		{71E20585-4514-470D-B57A-01A7194EDA14}.Release|x86.Deploy.0 = Release|x86
		{D694F197-2D88-4864-A914-69C6A2F9889B}.Debug|Any CPU.ActiveCfg = Debug|Any CPU
		{D694F197-2D88-4864-A914-69C6A2F9889B}.Debug|Any CPU.Build.0 = Debug|Any CPU
		{D694F197-2D88-4864-A914-69C6A2F9889B}.Debug|Any CPU.Deploy.0 = Debug|Any CPU
		{D694F197-2D88-4864-A914-69C6A2F9889B}.Debug|ARM.ActiveCfg = Debug|ARM
		{D694F197-2D88-4864-A914-69C6A2F9889B}.Debug|ARM.Build.0 = Debug|ARM
		{D694F197-2D88-4864-A914-69C6A2F9889B}.Debug|ARM.Deploy.0 = Debug|ARM
		{D694F197-2D88-4864-A914-69C6A2F9889B}.Debug|x64.ActiveCfg = Debug|Any CPU
		{D694F197-2D88-4864-A914-69C6A2F9889B}.Debug|x64.Build.0 = Debug|Any CPU
		{D694F197-2D88-4864-A914-69C6A2F9889B}.Debug|x64.Deploy.0 = Debug|Any CPU
		{D694F197-2D88-4864-A914-69C6A2F9889B}.Debug|x86.ActiveCfg = Debug|x86
		{D694F197-2D88-4864-A914-69C6A2F9889B}.Debug|x86.Build.0 = Debug|x86
		{D694F197-2D88-4864-A914-69C6A2F9889B}.Debug|x86.Deploy.0 = Debug|x86
		{D694F197-2D88-4864-A914-69C6A2F9889B}.Release|Any CPU.ActiveCfg = Release|Any CPU
		{D694F197-2D88-4864-A914-69C6A2F9889B}.Release|Any CPU.Build.0 = Release|Any CPU
		{D694F197-2D88-4864-A914-69C6A2F9889B}.Release|Any CPU.Deploy.0 = Release|Any CPU
		{D694F197-2D88-4864-A914-69C6A2F9889B}.Release|ARM.ActiveCfg = Release|ARM
		{D694F197-2D88-4864-A914-69C6A2F9889B}.Release|ARM.Build.0 = Release|ARM
		{D694F197-2D88-4864-A914-69C6A2F9889B}.Release|ARM.Deploy.0 = Release|ARM
		{D694F197-2D88-4864-A914-69C6A2F9889B}.Release|x64.ActiveCfg = Release|Any CPU
		{D694F197-2D88-4864-A914-69C6A2F9889B}.Release|x64.Build.0 = Release|Any CPU
		{D694F197-2D88-4864-A914-69C6A2F9889B}.Release|x64.Deploy.0 = Release|Any CPU
		{D694F197-2D88-4864-A914-69C6A2F9889B}.Release|x86.ActiveCfg = Release|x86
		{D694F197-2D88-4864-A914-69C6A2F9889B}.Release|x86.Build.0 = Release|x86
		{D694F197-2D88-4864-A914-69C6A2F9889B}.Release|x86.Deploy.0 = Release|x86
		{2C1D145E-AD81-4A60-834A-9B0976183926}.Debug|Any CPU.ActiveCfg = Debug|Any CPU
		{2C1D145E-AD81-4A60-834A-9B0976183926}.Debug|Any CPU.Build.0 = Debug|Any CPU
		{2C1D145E-AD81-4A60-834A-9B0976183926}.Debug|ARM.ActiveCfg = Debug|Any CPU
		{2C1D145E-AD81-4A60-834A-9B0976183926}.Debug|ARM.Build.0 = Debug|Any CPU
		{2C1D145E-AD81-4A60-834A-9B0976183926}.Debug|x64.ActiveCfg = Debug|Any CPU
		{2C1D145E-AD81-4A60-834A-9B0976183926}.Debug|x64.Build.0 = Debug|Any CPU
		{2C1D145E-AD81-4A60-834A-9B0976183926}.Debug|x86.ActiveCfg = Debug|Any CPU
		{2C1D145E-AD81-4A60-834A-9B0976183926}.Debug|x86.Build.0 = Debug|Any CPU
		{2C1D145E-AD81-4A60-834A-9B0976183926}.Release|Any CPU.ActiveCfg = Release|Any CPU
		{2C1D145E-AD81-4A60-834A-9B0976183926}.Release|Any CPU.Build.0 = Release|Any CPU
		{2C1D145E-AD81-4A60-834A-9B0976183926}.Release|ARM.ActiveCfg = Release|Any CPU
		{2C1D145E-AD81-4A60-834A-9B0976183926}.Release|ARM.Build.0 = Release|Any CPU
		{2C1D145E-AD81-4A60-834A-9B0976183926}.Release|x64.ActiveCfg = Release|Any CPU
		{2C1D145E-AD81-4A60-834A-9B0976183926}.Release|x64.Build.0 = Release|Any CPU
		{2C1D145E-AD81-4A60-834A-9B0976183926}.Release|x86.ActiveCfg = Release|Any CPU
		{2C1D145E-AD81-4A60-834A-9B0976183926}.Release|x86.Build.0 = Release|Any CPU
	EndGlobalSection
	GlobalSection(SolutionProperties) = preSolution
		HideSolutionNode = FALSE
	EndGlobalSection
	GlobalSection(NestedProjects) = preSolution
		{EA00194D-4EDF-41F4-93E6-43CB1B6A8B09} = {651575E0-E794-43BE-87A7-40DD698FA839}
		{71E20585-4514-470D-B57A-01A7194EDA14} = {651575E0-E794-43BE-87A7-40DD698FA839}
		{D694F197-2D88-4864-A914-69C6A2F9889B} = {651575E0-E794-43BE-87A7-40DD698FA839}
	EndGlobalSection
EndGlobal
